// !$*UTF8*$!
{
	archiveVersion = 1;
	classes = {
	};
	objectVersion = 56;
	objects = {

/* Begin PBXBuildFile section */
		7F960C722A68650C006A4E12 /* iPhone_Studio_MicApp.swift in Sources */ = {isa = PBXBuildFile; fileRef = 7F960C712A68650C006A4E12 /* iPhone_Studio_MicApp.swift */; };
		7F960C742A68650C006A4E12 /* ContentView.swift in Sources */ = {isa = PBXBuildFile; fileRef = 7F960C732A68650C006A4E12 /* ContentView.swift */; };
		7F960C762A68650D006A4E12 /* Assets.xcassets in Resources */ = {isa = PBXBuildFile; fileRef = 7F960C752A68650D006A4E12 /* Assets.xcassets */; };
		7F960C792A68650D006A4E12 /* Preview Assets.xcassets in Resources */ = {isa = PBXBuildFile; fileRef = 7F960C782A68650D006A4E12 /* Preview Assets.xcassets */; };
		7F960C832A68650D006A4E12 /* iPhone_Studio_MicTests.swift in Sources */ = {isa = PBXBuildFile; fileRef = 7F960C822A68650D006A4E12 /* iPhone_Studio_MicTests.swift */; };
		7F960C8D2A68650D006A4E12 /* iPhone_Studio_MicUITests.swift in Sources */ = {isa = PBXBuildFile; fileRef = 7F960C8C2A68650D006A4E12 /* iPhone_Studio_MicUITests.swift */; };
		7F960C8F2A68650D006A4E12 /* iPhone_Studio_MicUITestsLaunchTests.swift in Sources */ = {isa = PBXBuildFile; fileRef = 7F960C8E2A68650D006A4E12 /* iPhone_Studio_MicUITestsLaunchTests.swift */; };
/* End PBXBuildFile section */

/* Begin PBXContainerItemProxy section */
		7F960C7F2A68650D006A4E12 /* PBXContainerItemProxy */ = {
			isa = PBXContainerItemProxy;
			containerPortal = 7F960C662A68650C006A4E12 /* Project object */;
			proxyType = 1;
			remoteGlobalIDString = 7F960C6D2A68650C006A4E12;
			remoteInfo = "iPhone Studio Mic";
		};
		7F960C892A68650D006A4E12 /* PBXContainerItemProxy */ = {
			isa = PBXContainerItemProxy;
			containerPortal = 7F960C662A68650C006A4E12 /* Project object */;
			proxyType = 1;
			remoteGlobalIDString = 7F960C6D2A68650C006A4E12;
			remoteInfo = "iPhone Studio Mic";
		};
/* End PBXContainerItemProxy section */

/* Begin PBXFileReference section */
		7F960C6E2A68650C006A4E12 /* iPhone Studio Mic.app */ = {isa = PBXFileReference; explicitFileType = wrapper.application; includeInIndex = 0; path = "iPhone Studio Mic.app"; sourceTree = BUILT_PRODUCTS_DIR; };
		7F960C712A68650C006A4E12 /* iPhone_Studio_MicApp.swift */ = {isa = PBXFileReference; lastKnownFileType = sourcecode.swift; path = iPhone_Studio_MicApp.swift; sourceTree = "<group>"; };
		7F960C732A68650C006A4E12 /* ContentView.swift */ = {isa = PBXFileReference; lastKnownFileType = sourcecode.swift; path = ContentView.swift; sourceTree = "<group>"; };
		7F960C752A68650D006A4E12 /* Assets.xcassets */ = {isa = PBXFileReference; lastKnownFileType = folder.assetcatalog; path = Assets.xcassets; sourceTree = "<group>"; };
		7F960C782A68650D006A4E12 /* Preview Assets.xcassets */ = {isa = PBXFileReference; lastKnownFileType = folder.assetcatalog; path = "Preview Assets.xcassets"; sourceTree = "<group>"; };
		7F960C7E2A68650D006A4E12 /* iPhone Studio MicTests.xctest */ = {isa = PBXFileReference; explicitFileType = wrapper.cfbundle; includeInIndex = 0; path = "iPhone Studio MicTests.xctest"; sourceTree = BUILT_PRODUCTS_DIR; };
		7F960C822A68650D006A4E12 /* iPhone_Studio_MicTests.swift */ = {isa = PBXFileReference; lastKnownFileType = sourcecode.swift; path = iPhone_Studio_MicTests.swift; sourceTree = "<group>"; };
		7F960C882A68650D006A4E12 /* iPhone Studio MicUITests.xctest */ = {isa = PBXFileReference; explicitFileType = wrapper.cfbundle; includeInIndex = 0; path = "iPhone Studio MicUITests.xctest"; sourceTree = BUILT_PRODUCTS_DIR; };
		7F960C8C2A68650D006A4E12 /* iPhone_Studio_MicUITests.swift */ = {isa = PBXFileReference; lastKnownFileType = sourcecode.swift; path = iPhone_Studio_MicUITests.swift; sourceTree = "<group>"; };
		7F960C8E2A68650D006A4E12 /* iPhone_Studio_MicUITestsLaunchTests.swift */ = {isa = PBXFileReference; lastKnownFileType = sourcecode.swift; path = iPhone_Studio_MicUITestsLaunchTests.swift; sourceTree = "<group>"; };
/* End PBXFileReference section */

/* Begin PBXFrameworksBuildPhase section */
		7F960C6B2A68650C006A4E12 /* Frameworks */ = {
			isa = PBXFrameworksBuildPhase;
			buildActionMask = 2147483647;
			files = (
			);
			runOnlyForDeploymentPostprocessing = 0;
		};
		7F960C7B2A68650D006A4E12 /* Frameworks */ = {
			isa = PBXFrameworksBuildPhase;
			buildActionMask = 2147483647;
			files = (
			);
			runOnlyForDeploymentPostprocessing = 0;
		};
		7F960C852A68650D006A4E12 /* Frameworks */ = {
			isa = PBXFrameworksBuildPhase;
			buildActionMask = 2147483647;
			files = (
			);
			runOnlyForDeploymentPostprocessing = 0;
		};
/* End PBXFrameworksBuildPhase section */

/* Begin PBXGroup section */
		7F960C652A68650C006A4E12 = {
			isa = PBXGroup;
			children = (
				7F960C702A68650C006A4E12 /* iPhone Studio Mic */,
				7F960C812A68650D006A4E12 /* iPhone Studio MicTests */,
				7F960C8B2A68650D006A4E12 /* iPhone Studio MicUITests */,
				7F960C6F2A68650C006A4E12 /* Products */,
			);
			sourceTree = "<group>";
		};
		7F960C6F2A68650C006A4E12 /* Products */ = {
			isa = PBXGroup;
			children = (
				7F960C6E2A68650C006A4E12 /* iPhone Studio Mic.app */,
				7F960C7E2A68650D006A4E12 /* iPhone Studio MicTests.xctest */,
				7F960C882A68650D006A4E12 /* iPhone Studio MicUITests.xctest */,
			);
			name = Products;
			sourceTree = "<group>";
		};
		7F960C702A68650C006A4E12 /* iPhone Studio Mic */ = {
			isa = PBXGroup;
			children = (
				7F960C712A68650C006A4E12 /* iPhone_Studio_MicApp.swift */,
				7F960C732A68650C006A4E12 /* ContentView.swift */,
				7F960C752A68650D006A4E12 /* Assets.xcassets */,
				7F960C772A68650D006A4E12 /* Preview Content */,
			);
			path = "iPhone Studio Mic";
			sourceTree = "<group>";
		};
		7F960C772A68650D006A4E12 /* Preview Content */ = {
			isa = PBXGroup;
			children = (
				7F960C782A68650D006A4E12 /* Preview Assets.xcassets */,
			);
			path = "Preview Content";
			sourceTree = "<group>";
		};
		7F960C812A68650D006A4E12 /* iPhone Studio MicTests */ = {
			isa = PBXGroup;
			children = (
				7F960C822A68650D006A4E12 /* iPhone_Studio_MicTests.swift */,
			);
			path = "iPhone Studio MicTests";
			sourceTree = "<group>";
		};
		7F960C8B2A68650D006A4E12 /* iPhone Studio MicUITests */ = {
			isa = PBXGroup;
			children = (
				7F960C8C2A68650D006A4E12 /* iPhone_Studio_MicUITests.swift */,
				7F960C8E2A68650D006A4E12 /* iPhone_Studio_MicUITestsLaunchTests.swift */,
			);
			path = "iPhone Studio MicUITests";
			sourceTree = "<group>";
		};
/* End PBXGroup section */

/* Begin PBXNativeTarget section */
		7F960C6D2A68650C006A4E12 /* iPhone Studio Mic */ = {
			isa = PBXNativeTarget;
			buildConfigurationList = 7F960C922A68650D006A4E12 /* Build configuration list for PBXNativeTarget "iPhone Studio Mic" */;
			buildPhases = (
				7F960C6A2A68650C006A4E12 /* Sources */,
				7F960C6B2A68650C006A4E12 /* Frameworks */,
				7F960C6C2A68650C006A4E12 /* Resources */,
			);
			buildRules = (
			);
			dependencies = (
			);
			name = "iPhone Studio Mic";
			productName = "iPhone Studio Mic";
			productReference = 7F960C6E2A68650C006A4E12 /* iPhone Studio Mic.app */;
			productType = "com.apple.product-type.application";
		};
		7F960C7D2A68650D006A4E12 /* iPhone Studio MicTests */ = {
			isa = PBXNativeTarget;
			buildConfigurationList = 7F960C952A68650D006A4E12 /* Build configuration list for PBXNativeTarget "iPhone Studio MicTests" */;
			buildPhases = (
				7F960C7A2A68650D006A4E12 /* Sources */,
				7F960C7B2A68650D006A4E12 /* Frameworks */,
				7F960C7C2A68650D006A4E12 /* Resources */,
			);
			buildRules = (
			);
			dependencies = (
				7F960C802A68650D006A4E12 /* PBXTargetDependency */,
			);
			name = "iPhone Studio MicTests";
			productName = "iPhone Studio MicTests";
			productReference = 7F960C7E2A68650D006A4E12 /* iPhone Studio MicTests.xctest */;
			productType = "com.apple.product-type.bundle.unit-test";
		};
		7F960C872A68650D006A4E12 /* iPhone Studio MicUITests */ = {
			isa = PBXNativeTarget;
			buildConfigurationList = 7F960C982A68650D006A4E12 /* Build configuration list for PBXNativeTarget "iPhone Studio MicUITests" */;
			buildPhases = (
				7F960C842A68650D006A4E12 /* Sources */,
				7F960C852A68650D006A4E12 /* Frameworks */,
				7F960C862A68650D006A4E12 /* Resources */,
			);
			buildRules = (
			);
			dependencies = (
				7F960C8A2A68650D006A4E12 /* PBXTargetDependency */,
			);
			name = "iPhone Studio MicUITests";
			productName = "iPhone Studio MicUITests";
			productReference = 7F960C882A68650D006A4E12 /* iPhone Studio MicUITests.xctest */;
			productType = "com.apple.product-type.bundle.ui-testing";
		};
/* End PBXNativeTarget section */

/* Begin PBXProject section */
		7F960C662A68650C006A4E12 /* Project object */ = {
			isa = PBXProject;
			attributes = {
				BuildIndependentTargetsInParallel = 1;
				LastSwiftUpdateCheck = 1430;
				LastUpgradeCheck = 1430;
				TargetAttributes = {
					7F960C6D2A68650C006A4E12 = {
						CreatedOnToolsVersion = 14.3.1;
					};
					7F960C7D2A68650D006A4E12 = {
						CreatedOnToolsVersion = 14.3.1;
						TestTargetID = 7F960C6D2A68650C006A4E12;
					};
					7F960C872A68650D006A4E12 = {
						CreatedOnToolsVersion = 14.3.1;
						TestTargetID = 7F960C6D2A68650C006A4E12;
					};
				};
			};
			buildConfigurationList = 7F960C692A68650C006A4E12 /* Build configuration list for PBXProject "iPhone Studio Mic" */;
			compatibilityVersion = "Xcode 14.0";
			developmentRegion = en;
			hasScannedForEncodings = 0;
			knownRegions = (
				en,
				Base,
			);
			mainGroup = 7F960C652A68650C006A4E12;
			productRefGroup = 7F960C6F2A68650C006A4E12 /* Products */;
			projectDirPath = "";
			projectRoot = "";
			targets = (
				7F960C6D2A68650C006A4E12 /* iPhone Studio Mic */,
				7F960C7D2A68650D006A4E12 /* iPhone Studio MicTests */,
				7F960C872A68650D006A4E12 /* iPhone Studio MicUITests */,
			);
		};
/* End PBXProject section */

/* Begin PBXResourcesBuildPhase section */
		7F960C6C2A68650C006A4E12 /* Resources */ = {
			isa = PBXResourcesBuildPhase;
			buildActionMask = 2147483647;
			files = (
				7F960C792A68650D006A4E12 /* Preview Assets.xcassets in Resources */,
				7F960C762A68650D006A4E12 /* Assets.xcassets in Resources */,
			);
			runOnlyForDeploymentPostprocessing = 0;
		};
		7F960C7C2A68650D006A4E12 /* Resources */ = {
			isa = PBXResourcesBuildPhase;
			buildActionMask = 2147483647;
			files = (
			);
			runOnlyForDeploymentPostprocessing = 0;
		};
		7F960C862A68650D006A4E12 /* Resources */ = {
			isa = PBXResourcesBuildPhase;
			buildActionMask = 2147483647;
			files = (
			);
			runOnlyForDeploymentPostprocessing = 0;
		};
/* End PBXResourcesBuildPhase section */

/* Begin PBXSourcesBuildPhase section */
		7F960C6A2A68650C006A4E12 /* Sources */ = {
			isa = PBXSourcesBuildPhase;
			buildActionMask = 2147483647;
			files = (
				7F960C742A68650C006A4E12 /* ContentView.swift in Sources */,
				7F960C722A68650C006A4E12 /* iPhone_Studio_MicApp.swift in Sources */,
			);
			runOnlyForDeploymentPostprocessing = 0;
		};
		7F960C7A2A68650D006A4E12 /* Sources */ = {
			isa = PBXSourcesBuildPhase;
			buildActionMask = 2147483647;
			files = (
				7F960C832A68650D006A4E12 /* iPhone_Studio_MicTests.swift in Sources */,
			);
			runOnlyForDeploymentPostprocessing = 0;
		};
		7F960C842A68650D006A4E12 /* Sources */ = {
			isa = PBXSourcesBuildPhase;
			buildActionMask = 2147483647;
			files = (
				7F960C8D2A68650D006A4E12 /* iPhone_Studio_MicUITests.swift in Sources */,
				7F960C8F2A68650D006A4E12 /* iPhone_Studio_MicUITestsLaunchTests.swift in Sources */,
			);
			runOnlyForDeploymentPostprocessing = 0;
		};
/* End PBXSourcesBuildPhase section */

/* Begin PBXTargetDependency section */
		7F960C802A68650D006A4E12 /* PBXTargetDependency */ = {
			isa = PBXTargetDependency;
			target = 7F960C6D2A68650C006A4E12 /* iPhone Studio Mic */;
			targetProxy = 7F960C7F2A68650D006A4E12 /* PBXContainerItemProxy */;
		};
		7F960C8A2A68650D006A4E12 /* PBXTargetDependency */ = {
			isa = PBXTargetDependency;
			target = 7F960C6D2A68650C006A4E12 /* iPhone Studio Mic */;
			targetProxy = 7F960C892A68650D006A4E12 /* PBXContainerItemProxy */;
		};
/* End PBXTargetDependency section */

/* Begin XCBuildConfiguration section */
		7F960C902A68650D006A4E12 /* Debug */ = {
			isa = XCBuildConfiguration;
			buildSettings = {
				ALWAYS_SEARCH_USER_PATHS = NO;
				CLANG_ANALYZER_NONNULL = YES;
				CLANG_ANALYZER_NUMBER_OBJECT_CONVERSION = YES_AGGRESSIVE;
				CLANG_CXX_LANGUAGE_STANDARD = "gnu++20";
				CLANG_ENABLE_MODULES = YES;
				CLANG_ENABLE_OBJC_ARC = YES;
				CLANG_ENABLE_OBJC_WEAK = YES;
				CLANG_WARN_BLOCK_CAPTURE_AUTORELEASING = YES;
				CLANG_WARN_BOOL_CONVERSION = YES;
				CLANG_WARN_COMMA = YES;
				CLANG_WARN_CONSTANT_CONVERSION = YES;
				CLANG_WARN_DEPRECATED_OBJC_IMPLEMENTATIONS = YES;
				CLANG_WARN_DIRECT_OBJC_ISA_USAGE = YES_ERROR;
				CLANG_WARN_DOCUMENTATION_COMMENTS = YES;
				CLANG_WARN_EMPTY_BODY = YES;
				CLANG_WARN_ENUM_CONVERSION = YES;
				CLANG_WARN_INFINITE_RECURSION = YES;
				CLANG_WARN_INT_CONVERSION = YES;
				CLANG_WARN_NON_LITERAL_NULL_CONVERSION = YES;
				CLANG_WARN_OBJC_IMPLICIT_RETAIN_SELF = YES;
				CLANG_WARN_OBJC_LITERAL_CONVERSION = YES;
				CLANG_WARN_OBJC_ROOT_CLASS = YES_ERROR;
				CLANG_WARN_QUOTED_INCLUDE_IN_FRAMEWORK_HEADER = YES;
				CLANG_WARN_RANGE_LOOP_ANALYSIS = YES;
				CLANG_WARN_STRICT_PROTOTYPES = YES;
				CLANG_WARN_SUSPICIOUS_MOVE = YES;
				CLANG_WARN_UNGUARDED_AVAILABILITY = YES_AGGRESSIVE;
				CLANG_WARN_UNREACHABLE_CODE = YES;
				CLANG_WARN__DUPLICATE_METHOD_MATCH = YES;
				COPY_PHASE_STRIP = NO;
				DEBUG_INFORMATION_FORMAT = dwarf;
				ENABLE_STRICT_OBJC_MSGSEND = YES;
				ENABLE_TESTABILITY = YES;
				GCC_C_LANGUAGE_STANDARD = gnu11;
				GCC_DYNAMIC_NO_PIC = NO;
				GCC_NO_COMMON_BLOCKS = YES;
				GCC_OPTIMIZATION_LEVEL = 0;
				GCC_PREPROCESSOR_DEFINITIONS = (
					"DEBUG=1",
					"$(inherited)",
				);
				GCC_WARN_64_TO_32_BIT_CONVERSION = YES;
				GCC_WARN_ABOUT_RETURN_TYPE = YES_ERROR;
				GCC_WARN_UNDECLARED_SELECTOR = YES;
				GCC_WARN_UNINITIALIZED_AUTOS = YES_AGGRESSIVE;
				GCC_WARN_UNUSED_FUNCTION = YES;
				GCC_WARN_UNUSED_VARIABLE = YES;
				IPHONEOS_DEPLOYMENT_TARGET = 16.4;
				MTL_ENABLE_DEBUG_INFO = INCLUDE_SOURCE;
				MTL_FAST_MATH = YES;
				ONLY_ACTIVE_ARCH = YES;
				SDKROOT = iphoneos;
				SWIFT_ACTIVE_COMPILATION_CONDITIONS = DEBUG;
				SWIFT_OPTIMIZATION_LEVEL = "-Onone";
			};
			name = Debug;
		};
		7F960C912A68650D006A4E12 /* Release */ = {
			isa = XCBuildConfiguration;
			buildSettings = {
				ALWAYS_SEARCH_USER_PATHS = NO;
				CLANG_ANALYZER_NONNULL = YES;
				CLANG_ANALYZER_NUMBER_OBJECT_CONVERSION = YES_AGGRESSIVE;
				CLANG_CXX_LANGUAGE_STANDARD = "gnu++20";
				CLANG_ENABLE_MODULES = YES;
				CLANG_ENABLE_OBJC_ARC = YES;
				CLANG_ENABLE_OBJC_WEAK = YES;
				CLANG_WARN_BLOCK_CAPTURE_AUTORELEASING = YES;
				CLANG_WARN_BOOL_CONVERSION = YES;
				CLANG_WARN_COMMA = YES;
				CLANG_WARN_CONSTANT_CONVERSION = YES;
				CLANG_WARN_DEPRECATED_OBJC_IMPLEMENTATIONS = YES;
				CLANG_WARN_DIRECT_OBJC_ISA_USAGE = YES_ERROR;
				CLANG_WARN_DOCUMENTATION_COMMENTS = YES;
				CLANG_WARN_EMPTY_BODY = YES;
				CLANG_WARN_ENUM_CONVERSION = YES;
				CLANG_WARN_INFINITE_RECURSION = YES;
				CLANG_WARN_INT_CONVERSION = YES;
				CLANG_WARN_NON_LITERAL_NULL_CONVERSION = YES;
				CLANG_WARN_OBJC_IMPLICIT_RETAIN_SELF = YES;
				CLANG_WARN_OBJC_LITERAL_CONVERSION = YES;
				CLANG_WARN_OBJC_ROOT_CLASS = YES_ERROR;
				CLANG_WARN_QUOTED_INCLUDE_IN_FRAMEWORK_HEADER = YES;
				CLANG_WARN_RANGE_LOOP_ANALYSIS = YES;
				CLANG_WARN_STRICT_PROTOTYPES = YES;
				CLANG_WARN_SUSPICIOUS_MOVE = YES;
				CLANG_WARN_UNGUARDED_AVAILABILITY = YES_AGGRESSIVE;
				CLANG_WARN_UNREACHABLE_CODE = YES;
				CLANG_WARN__DUPLICATE_METHOD_MATCH = YES;
				COPY_PHASE_STRIP = NO;
				DEBUG_INFORMATION_FORMAT = "dwarf-with-dsym";
				ENABLE_NS_ASSERTIONS = NO;
				ENABLE_STRICT_OBJC_MSGSEND = YES;
				GCC_C_LANGUAGE_STANDARD = gnu11;
				GCC_NO_COMMON_BLOCKS = YES;
				GCC_WARN_64_TO_32_BIT_CONVERSION = YES;
				GCC_WARN_ABOUT_RETURN_TYPE = YES_ERROR;
				GCC_WARN_UNDECLARED_SELECTOR = YES;
				GCC_WARN_UNINITIALIZED_AUTOS = YES_AGGRESSIVE;
				GCC_WARN_UNUSED_FUNCTION = YES;
				GCC_WARN_UNUSED_VARIABLE = YES;
				IPHONEOS_DEPLOYMENT_TARGET = 16.4;
				MTL_ENABLE_DEBUG_INFO = NO;
				MTL_FAST_MATH = YES;
				SDKROOT = iphoneos;
				SWIFT_COMPILATION_MODE = wholemodule;
				SWIFT_OPTIMIZATION_LEVEL = "-O";
				VALIDATE_PRODUCT = YES;
			};
			name = Release;
		};
		7F960C932A68650D006A4E12 /* Debug */ = {
			isa = XCBuildConfiguration;
			buildSettings = {
				ASSETCATALOG_COMPILER_APPICON_NAME = AppIcon;
				ASSETCATALOG_COMPILER_GLOBAL_ACCENT_COLOR_NAME = AccentColor;
				CODE_SIGN_STYLE = Automatic;
				CURRENT_PROJECT_VERSION = 1;
				DEVELOPMENT_ASSET_PATHS = "\"iPhone Studio Mic/Preview Content\"";
				ENABLE_PREVIEWS = YES;
				GENERATE_INFOPLIST_FILE = YES;
				INFOPLIST_KEY_NSMicrophoneUsageDescription = "";
				INFOPLIST_KEY_UIApplicationSceneManifest_Generation = YES;
				INFOPLIST_KEY_UIApplicationSupportsIndirectInputEvents = YES;
				INFOPLIST_KEY_UILaunchScreen_Generation = YES;
				INFOPLIST_KEY_UISupportedInterfaceOrientations_iPad = "UIInterfaceOrientationPortrait UIInterfaceOrientationPortraitUpsideDown UIInterfaceOrientationLandscapeLeft UIInterfaceOrientationLandscapeRight";
				INFOPLIST_KEY_UISupportedInterfaceOrientations_iPhone = "UIInterfaceOrientationPortrait UIInterfaceOrientationLandscapeLeft UIInterfaceOrientationLandscapeRight";
				LD_RUNPATH_SEARCH_PATHS = (
					"$(inherited)",
					"@executable_path/Frameworks",
				);
				MARKETING_VERSION = 1.0;
				PRODUCT_BUNDLE_IDENTIFIER = "Weston-Clark.iPhone-Studio-Mic";
				PRODUCT_NAME = "$(TARGET_NAME)";
				SWIFT_EMIT_LOC_STRINGS = YES;
				SWIFT_VERSION = 5.0;
				TARGETED_DEVICE_FAMILY = "1,2";
			};
			name = Debug;
		};
		7F960C942A68650D006A4E12 /* Release */ = {
			isa = XCBuildConfiguration;
			buildSettings = {
				ASSETCATALOG_COMPILER_APPICON_NAME = AppIcon;
				ASSETCATALOG_COMPILER_GLOBAL_ACCENT_COLOR_NAME = AccentColor;
				CODE_SIGN_STYLE = Automatic;
				CURRENT_PROJECT_VERSION = 1;
				DEVELOPMENT_ASSET_PATHS = "\"iPhone Studio Mic/Preview Content\"";
				ENABLE_PREVIEWS = YES;
				GENERATE_INFOPLIST_FILE = YES;
				INFOPLIST_KEY_NSMicrophoneUsageDescription = "";
				INFOPLIST_KEY_UIApplicationSceneManifest_Generation = YES;
				INFOPLIST_KEY_UIApplicationSupportsIndirectInputEvents = YES;
				INFOPLIST_KEY_UILaunchScreen_Generation = YES;
				INFOPLIST_KEY_UISupportedInterfaceOrientations_iPad = "UIInterfaceOrientationPortrait UIInterfaceOrientationPortraitUpsideDown UIInterfaceOrientationLandscapeLeft UIInterfaceOrientationLandscapeRight";
				INFOPLIST_KEY_UISupportedInterfaceOrientations_iPhone = "UIInterfaceOrientationPortrait UIInterfaceOrientationLandscapeLeft UIInterfaceOrientationLandscapeRight";
				LD_RUNPATH_SEARCH_PATHS = (
					"$(inherited)",
					"@executable_path/Frameworks",
				);
				MARKETING_VERSION = 1.0;
				PRODUCT_BUNDLE_IDENTIFIER = "Weston-Clark.iPhone-Studio-Mic";
				PRODUCT_NAME = "$(TARGET_NAME)";
				SWIFT_EMIT_LOC_STRINGS = YES;
				SWIFT_VERSION = 5.0;
				TARGETED_DEVICE_FAMILY = "1,2";
			};
			name = Release;
		};
		7F960C962A68650D006A4E12 /* Debug */ = {
			isa = XCBuildConfiguration;
			buildSettings = {
				ALWAYS_EMBED_SWIFT_STANDARD_LIBRARIES = YES;
				BUNDLE_LOADER = "$(TEST_HOST)";
				CODE_SIGN_STYLE = Automatic;
				CURRENT_PROJECT_VERSION = 1;
				GENERATE_INFOPLIST_FILE = YES;
				IPHONEOS_DEPLOYMENT_TARGET = 16.4;
				MARKETING_VERSION = 1.0;
				PRODUCT_BUNDLE_IDENTIFIER = "Weston-Clark.iPhone-Studio-MicTests";
				PRODUCT_NAME = "$(TARGET_NAME)";
				SWIFT_EMIT_LOC_STRINGS = NO;
				SWIFT_VERSION = 5.0;
				TARGETED_DEVICE_FAMILY = "1,2";
				TEST_HOST = "$(BUILT_PRODUCTS_DIR)/iPhone Studio Mic.app/$(BUNDLE_EXECUTABLE_FOLDER_PATH)/iPhone Studio Mic";
			};
			name = Debug;
		};
		7F960C972A68650D006A4E12 /* Release */ = {
			isa = XCBuildConfiguration;
			buildSettings = {
				ALWAYS_EMBED_SWIFT_STANDARD_LIBRARIES = YES;
				BUNDLE_LOADER = "$(TEST_HOST)";
				CODE_SIGN_STYLE = Automatic;
				CURRENT_PROJECT_VERSION = 1;
				GENERATE_INFOPLIST_FILE = YES;
				IPHONEOS_DEPLOYMENT_TARGET = 16.4;
				MARKETING_VERSION = 1.0;
				PRODUCT_BUNDLE_IDENTIFIER = "Weston-Clark.iPhone-Studio-MicTests";
				PRODUCT_NAME = "$(TARGET_NAME)";
				SWIFT_EMIT_LOC_STRINGS = NO;
				SWIFT_VERSION = 5.0;
				TARGETED_DEVICE_FAMILY = "1,2";
				TEST_HOST = "$(BUILT_PRODUCTS_DIR)/iPhone Studio Mic.app/$(BUNDLE_EXECUTABLE_FOLDER_PATH)/iPhone Studio Mic";
			};
			name = Release;
		};
		7F960C992A68650D006A4E12 /* Debug */ = {
			isa = XCBuildConfiguration;
			buildSettings = {
				ALWAYS_EMBED_SWIFT_STANDARD_LIBRARIES = YES;
				CODE_SIGN_STYLE = Automatic;
				CURRENT_PROJECT_VERSION = 1;
				GENERATE_INFOPLIST_FILE = YES;
				MARKETING_VERSION = 1.0;
				PRODUCT_BUNDLE_IDENTIFIER = "Weston-Clark.iPhone-Studio-MicUITests";
				PRODUCT_NAME = "$(TARGET_NAME)";
				SWIFT_EMIT_LOC_STRINGS = NO;
				SWIFT_VERSION = 5.0;
				TARGETED_DEVICE_FAMILY = "1,2";
				TEST_TARGET_NAME = "iPhone Studio Mic";
			};
			name = Debug;
		};
		7F960C9A2A68650D006A4E12 /* Release */ = {
			isa = XCBuildConfiguration;
			buildSettings = {
				ALWAYS_EMBED_SWIFT_STANDARD_LIBRARIES = YES;
				CODE_SIGN_STYLE = Automatic;
				CURRENT_PROJECT_VERSION = 1;
				GENERATE_INFOPLIST_FILE = YES;
				MARKETING_VERSION = 1.0;
				PRODUCT_BUNDLE_IDENTIFIER = "Weston-Clark.iPhone-Studio-MicUITests";
				PRODUCT_NAME = "$(TARGET_NAME)";
				SWIFT_EMIT_LOC_STRINGS = NO;
				SWIFT_VERSION = 5.0;
				TARGETED_DEVICE_FAMILY = "1,2";
				TEST_TARGET_NAME = "iPhone Studio Mic";
			};
			name = Release;
		};
/* End XCBuildConfiguration section */

/* Begin XCConfigurationList section */
		7F960C692A68650C006A4E12 /* Build configuration list for PBXProject "iPhone Studio Mic" */ = {
			isa = XCConfigurationList;
			buildConfigurations = (
				7F960C902A68650D006A4E12 /* Debug */,
				7F960C912A68650D006A4E12 /* Release */,
			);
			defaultConfigurationIsVisible = 0;
			defaultConfigurationName = Release;
		};
		7F960C922A68650D006A4E12 /* Build configuration list for PBXNativeTarget "iPhone Studio Mic" */ = {
			isa = XCConfigurationList;
			buildConfigurations = (
				7F960C932A68650D006A4E12 /* Debug */,
				7F960C942A68650D006A4E12 /* Release */,
			);
			defaultConfigurationIsVisible = 0;
			defaultConfigurationName = Release;
		};
		7F960C952A68650D006A4E12 /* Build configuration list for PBXNativeTarget "iPhone Studio MicTests" */ = {
			isa = XCConfigurationList;
			buildConfigurations = (
				7F960C962A68650D006A4E12 /* Debug */,
				7F960C972A68650D006A4E12 /* Release */,
			);
			defaultConfigurationIsVisible = 0;
			defaultConfigurationName = Release;
		};
		7F960C982A68650D006A4E12 /* Build configuration list for PBXNativeTarget "iPhone Studio MicUITests" */ = {
			isa = XCConfigurationList;
			buildConfigurations = (
				7F960C992A68650D006A4E12 /* Debug */,
				7F960C9A2A68650D006A4E12 /* Release */,
			);
			defaultConfigurationIsVisible = 0;
			defaultConfigurationName = Release;
		};
/* End XCConfigurationList section */
	};
	rootObject = 7F960C662A68650C006A4E12 /* Project object */;
}
